
Microsoft Visual Studio Solution File, Format Version 12.00
# Visual Studio 2013
VisualStudioVersion = 12.0.21005.1
MinimumVisualStudioVersion = 10.0.40219.1
Project("{FAE04EC0-301F-11D3-BF4B-00C04F79EFBC}") = "Tabster.Data", "Tabster.Data.csproj", "{6A9EB767-6651-492C-864E-79D71DB2A11F}"
EndProject
Global
	GlobalSection(SolutionConfigurationPlatforms) = preSolution
		Debug|Any CPU = Debug|Any CPU
		Portable|Any CPU = Portable|Any CPU
		Release|Any CPU = Release|Any CPU
	EndGlobalSection
	GlobalSection(ProjectConfigurationPlatforms) = postSolution
		{6A9EB767-6651-492C-864E-79D71DB2A11F}.Debug|Any CPU.ActiveCfg = Debug|Any CPU
		{6A9EB767-6651-492C-864E-79D71DB2A11F}.Debug|Any CPU.Build.0 = Debug|Any CPU
		{6A9EB767-6651-492C-864E-79D71DB2A11F}.Portable|Any CPU.ActiveCfg = Portable|Any CPU
		{6A9EB767-6651-492C-864E-79D71DB2A11F}.Portable|Any CPU.Build.0 = Portable|Any CPU
		{6A9EB767-6651-492C-864E-79D71DB2A11F}.Release|Any CPU.ActiveCfg = Release|Any CPU
		{6A9EB767-6651-492C-864E-79D71DB2A11F}.Release|Any CPU.Build.0 = Release|Any CPU
	EndGlobalSection
	GlobalSection(SolutionProperties) = preSolution
		HideSolutionNode = FALSE
	EndGlobalSection
EndGlobal
